[[package]]
name = "black"
version = "22.6.0"
description = "The uncompromising code formatter."
category = "main"
optional = false
python-versions = ">=3.6.2"

[package.dependencies]
click = ">=8.0.0"
mypy-extensions = ">=0.4.3"
pathspec = ">=0.9.0"
platformdirs = ">=2"
tomli = {version = ">=1.1.0", markers = "python_full_version < \"3.11.0a7\""}

[package.extras]
colorama = ["colorama (>=0.4.3)"]
d = ["aiohttp (>=3.7.4)"]
jupyter = ["ipython (>=7.8.0)", "tokenize-rt (>=3.2.0)"]
uvloop = ["uvloop (>=0.15.2)"]

[[package]]
name = "click"
version = "8.1.3"
description = "Composable command line interface toolkit"
category = "main"
optional = false
python-versions = ">=3.7"

[package.dependencies]
colorama = {version = "*", markers = "platform_system == \"Windows\""}

[[package]]
name = "colorama"
version = "0.4.5"
description = "Cross-platform colored terminal text."
category = "main"
optional = false
python-versions = ">=2.7, !=3.0.*, !=3.1.*, !=3.2.*, !=3.3.*, !=3.4.*"

[[package]]
name = "dicom2nifti"
version = "2.4.2"
description = "package for converting dicom files to nifti"
category = "main"
optional = false
python-versions = "*"

[package.dependencies]
nibabel = "*"
numpy = "*"
pydicom = ">=2.2.0"
python-gdcm = "*"
scipy = "*"

[[package]]
name = "et-xmlfile"
version = "1.1.0"
description = "An implementation of lxml.xmlfile for the standard library"
category = "main"
optional = false
python-versions = ">=3.6"

[[package]]
name = "isort"
version = "5.10.1"
description = "A Python utility / library to sort Python imports."
category = "main"
optional = false
python-versions = ">=3.6.1,<4.0"

[package.extras]
pipfile_deprecated_finder = ["pipreqs", "requirementslib"]
requirements_deprecated_finder = ["pipreqs", "pip-api"]
colors = ["colorama (>=0.4.3,<0.5.0)"]
plugins = ["setuptools"]

[[package]]
name = "loguru"
version = "0.6.0"
description = "Python logging made (stupidly) simple"
category = "main"
optional = false
python-versions = ">=3.5"

[package.dependencies]
colorama = {version = ">=0.3.4", markers = "sys_platform == \"win32\""}
win32-setctime = {version = ">=1.0.0", markers = "sys_platform == \"win32\""}

[package.extras]
dev = ["colorama (>=0.3.4)", "docutils (==0.16)", "flake8 (>=3.7.7)", "tox (>=3.9.0)", "pytest (>=4.6.2)", "pytest-cov (>=2.7.1)", "black (>=19.10b0)", "isort (>=5.1.1)", "Sphinx (>=4.1.1)", "sphinx-autobuild (>=0.7.1)", "sphinx-rtd-theme (>=0.4.3)"]

[[package]]
name = "mypy-extensions"
version = "0.4.3"
description = "Experimental type system extensions for programs checked with the mypy typechecker."
category = "main"
optional = false
python-versions = "*"

[[package]]
name = "nibabel"
version = "4.0.1"
description = "Access a multitude of neuroimaging data formats"
category = "main"
optional = false
python-versions = ">=3.7"

[package.dependencies]
numpy = ">=1.17"
packaging = ">=17.0"

[package.extras]
all = ["pydicom (>=1.0.0)", "pillow", "gitpython", "twine", "matplotlib (>=1.5.3)", "numpydoc", "sphinx (>=0.3,<3)", "texext", "h5py", "scipy", "flake8", "coverage", "pytest (!=5.3.4)", "pytest-cov", "pytest-doctestplus", "pyzstd (>=0.14.3)"]
dev = ["gitpython", "twine"]
dicom = ["pydicom (>=1.0.0)"]
dicomfs = ["pydicom (>=1.0.0)", "pillow"]
doc = ["matplotlib (>=1.5.3)", "numpydoc", "sphinx (>=0.3,<3)", "texext"]
minc2 = ["h5py"]
spm = ["scipy"]
style = ["flake8"]
test = ["coverage", "pytest (!=5.3.4)", "pytest-cov", "pytest-doctestplus"]
zstd = ["pyzstd (>=0.14.3)"]

[[package]]
name = "numpy"
version = "1.23.1"
description = "NumPy is the fundamental package for array computing with Python."
category = "main"
optional = false
python-versions = ">=3.8"

[[package]]
name = "openpyxl"
version = "3.0.10"
description = "A Python library to read/write Excel 2010 xlsx/xlsm files"
category = "main"
optional = false
python-versions = ">=3.6"

[package.dependencies]
et-xmlfile = "*"

[[package]]
name = "packaging"
version = "21.3"
description = "Core utilities for Python packages"
category = "main"
optional = false
python-versions = ">=3.6"

[package.dependencies]
pyparsing = ">=2.0.2,<3.0.5 || >3.0.5"

[[package]]
name = "pathspec"
version = "0.9.0"
description = "Utility library for gitignore style pattern matching of file paths."
category = "main"
optional = false
python-versions = "!=3.0.*,!=3.1.*,!=3.2.*,!=3.3.*,!=3.4.*,>=2.7"

[[package]]
name = "platformdirs"
version = "2.5.2"
description = "A small Python module for determining appropriate platform-specific dirs, e.g. a \"user data dir\"."
category = "main"
optional = false
python-versions = ">=3.7"

[package.extras]
docs = ["furo (>=2021.7.5b38)", "proselint (>=0.10.2)", "sphinx-autodoc-typehints (>=1.12)", "sphinx (>=4)"]
test = ["appdirs (==1.4.4)", "pytest-cov (>=2.7)", "pytest-mock (>=3.6)", "pytest (>=6)"]

[[package]]
name = "pydicom"
version = "2.3.0"
description = "A pure Python package for reading and writing DICOM data"
category = "main"
optional = false
python-versions = ">=3.6.1"

[package.extras]
docs = ["numpy", "numpydoc", "matplotlib", "pillow", "sphinx", "sphinx-rtd-theme", "sphinx-gallery", "sphinxcontrib-napoleon", "sphinx-copybutton"]

[[package]]
name = "pyparsing"
version = "3.0.9"
description = "pyparsing module - Classes and methods to define and execute parsing grammars"
category = "main"
optional = false
python-versions = ">=3.6.8"

[package.extras]
diagrams = ["railroad-diagrams", "jinja2"]

[[package]]
name = "python-gdcm"
version = "3.0.14"
description = "Grassroots DICOM runtime libraries"
category = "main"
optional = false
python-versions = ">=3.6"

[[package]]
name = "scipy"
version = "1.6.1"
description = "SciPy: Scientific Library for Python"
category = "main"
optional = false
python-versions = ">=3.7"

[package.dependencies]
numpy = ">=1.16.5"

[[package]]
name = "simpleitk"
version = "2.0.2"
description = "SimpleITK is a simplified interface to the Insight Toolkit (ITK) for image registration and segmentation"
category = "main"
optional = false
python-versions = "*"

[[package]]
name = "tomli"
version = "2.0.1"
description = "A lil' TOML parser"
category = "main"
optional = false
python-versions = ">=3.7"

[[package]]
name = "win32-setctime"
version = "1.1.0"
description = "A small Python utility to set file creation time on Windows"
category = "main"
optional = false
python-versions = ">=3.5"

[package.extras]
dev = ["pytest (>=4.6.2)", "black (>=19.3b0)"]

[[package]]
name = "xlrd"
version = "1.2.0"
description = "Library for developers to extract data from Microsoft Excel (tm) spreadsheet files"
category = "main"
optional = false
python-versions = ">=2.7, !=3.0.*, !=3.1.*, !=3.2.*, !=3.3.*"

[metadata]
lock-version = "1.1"
python-versions = "^3.10"
content-hash = "6bb80727dad29453b491bcdb472b07b12fb301038890fa4166d2faa531da1770"

[metadata.files]
black = [
    {file = "black-22.6.0-cp310-cp310-macosx_10_9_universal2.whl", hash = "sha256:f586c26118bc6e714ec58c09df0157fe2d9ee195c764f630eb0d8e7ccce72e69"},
    {file = "black-22.6.0-cp310-cp310-macosx_10_9_x86_64.whl", hash = "sha256:b270a168d69edb8b7ed32c193ef10fd27844e5c60852039599f9184460ce0807"},
    {file = "black-22.6.0-cp310-cp310-macosx_11_0_arm64.whl", hash = "sha256:6797f58943fceb1c461fb572edbe828d811e719c24e03375fd25170ada53825e"},
    {file = "black-22.6.0-cp310-cp310-manylinux_2_17_x86_64.manylinux2014_x86_64.whl", hash = "sha256:c85928b9d5f83b23cee7d0efcb310172412fbf7cb9d9ce963bd67fd141781def"},
    {file = "black-22.6.0-cp310-cp310-win_amd64.whl", hash = "sha256:f6fe02afde060bbeef044af7996f335fbe90b039ccf3f5eb8f16df8b20f77666"},
    {file = "black-22.6.0-cp36-cp36m-macosx_10_9_x86_64.whl", hash = "sha256:cfaf3895a9634e882bf9d2363fed5af8888802d670f58b279b0bece00e9a872d"},
    {file = "black-22.6.0-cp36-cp36m-manylinux_2_17_x86_64.manylinux2014_x86_64.whl", hash = "sha256:94783f636bca89f11eb5d50437e8e17fbc6a929a628d82304c80fa9cd945f256"},
    {file = "black-22.6.0-cp36-cp36m-win_amd64.whl", hash = "sha256:2ea29072e954a4d55a2ff58971b83365eba5d3d357352a07a7a4df0d95f51c78"},
    {file = "black-22.6.0-cp37-cp37m-macosx_10_9_x86_64.whl", hash = "sha256:e439798f819d49ba1c0bd9664427a05aab79bfba777a6db94fd4e56fae0cb849"},
    {file = "black-22.6.0-cp37-cp37m-manylinux_2_17_x86_64.manylinux2014_x86_64.whl", hash = "sha256:187d96c5e713f441a5829e77120c269b6514418f4513a390b0499b0987f2ff1c"},
    {file = "black-22.6.0-cp37-cp37m-win_amd64.whl", hash = "sha256:074458dc2f6e0d3dab7928d4417bb6957bb834434516f21514138437accdbe90"},
    {file = "black-22.6.0-cp38-cp38-macosx_10_9_universal2.whl", hash = "sha256:a218d7e5856f91d20f04e931b6f16d15356db1c846ee55f01bac297a705ca24f"},
    {file = "black-22.6.0-cp38-cp38-macosx_10_9_x86_64.whl", hash = "sha256:568ac3c465b1c8b34b61cd7a4e349e93f91abf0f9371eda1cf87194663ab684e"},
    {file = "black-22.6.0-cp38-cp38-macosx_11_0_arm64.whl", hash = "sha256:6c1734ab264b8f7929cef8ae5f900b85d579e6cbfde09d7387da8f04771b51c6"},
    {file = "black-22.6.0-cp38-cp38-manylinux_2_17_x86_64.manylinux2014_x86_64.whl", hash = "sha256:c9a3ac16efe9ec7d7381ddebcc022119794872abce99475345c5a61aa18c45ad"},
    {file = "black-22.6.0-cp38-cp38-win_amd64.whl", hash = "sha256:b9fd45787ba8aa3f5e0a0a98920c1012c884622c6c920dbe98dbd05bc7c70fbf"},
    {file = "black-22.6.0-cp39-cp39-macosx_10_9_universal2.whl", hash = "sha256:7ba9be198ecca5031cd78745780d65a3f75a34b2ff9be5837045dce55db83d1c"},
    {file = "black-22.6.0-cp39-cp39-macosx_10_9_x86_64.whl", hash = "sha256:a3db5b6409b96d9bd543323b23ef32a1a2b06416d525d27e0f67e74f1446c8f2"},
    {file = "black-22.6.0-cp39-cp39-macosx_11_0_arm64.whl", hash = "sha256:560558527e52ce8afba936fcce93a7411ab40c7d5fe8c2463e279e843c0328ee"},
    {file = "black-22.6.0-cp39-cp39-manylinux_2_17_x86_64.manylinux2014_x86_64.whl", hash = "sha256:b154e6bbde1e79ea3260c4b40c0b7b3109ffcdf7bc4ebf8859169a6af72cd70b"},
    {file = "black-22.6.0-cp39-cp39-win_amd64.whl", hash = "sha256:4af5bc0e1f96be5ae9bd7aaec219c901a94d6caa2484c21983d043371c733fc4"},
    {file = "black-22.6.0-py3-none-any.whl", hash = "sha256:ac609cf8ef5e7115ddd07d85d988d074ed00e10fbc3445aee393e70164a2219c"},
    {file = "black-22.6.0.tar.gz", hash = "sha256:6c6d39e28aed379aec40da1c65434c77d75e65bb59a1e1c283de545fb4e7c6c9"},
]
click = [
    {file = "click-8.1.3-py3-none-any.whl", hash = "sha256:bb4d8133cb15a609f44e8213d9b391b0809795062913b383c62be0ee95b1db48"},
    {file = "click-8.1.3.tar.gz", hash = "sha256:7682dc8afb30297001674575ea00d1814d808d6a36af415a82bd481d37ba7b8e"},
]
colorama = [
    {file = "colorama-0.4.5-py2.py3-none-any.whl", hash = "sha256:854bf444933e37f5824ae7bfc1e98d5bce2ebe4160d46b5edf346a89358e99da"},
    {file = "colorama-0.4.5.tar.gz", hash = "sha256:e6c6b4334fc50988a639d9b98aa429a0b57da6e17b9a44f0451f930b6967b7a4"},
]
dicom2nifti = [
    {file = "dicom2nifti-2.4.2-py3-none-any.whl", hash = "sha256:b66bedb7abf2e91d773fc2b56de5310539391628bd7a05baa2ff5d6193b7052b"},
    {file = "dicom2nifti-2.4.2.tar.gz", hash = "sha256:a0ee03682c40b6b0e4a32e386e54f2cbe31c8c7e497728b5a6563d842bce4ac7"},
]
et-xmlfile = []
isort = [
    {file = "isort-5.10.1-py3-none-any.whl", hash = "sha256:6f62d78e2f89b4500b080fe3a81690850cd254227f27f75c3a0c491a1f351ba7"},
    {file = "isort-5.10.1.tar.gz", hash = "sha256:e8443a5e7a020e9d7f97f1d7d9cd17c88bcb3bc7e218bf9cf5095fe550be2951"},
]
loguru = [
    {file = "loguru-0.6.0-py3-none-any.whl", hash = "sha256:4e2414d534a2ab57573365b3e6d0234dfb1d84b68b7f3b948e6fb743860a77c3"},
    {file = "loguru-0.6.0.tar.gz", hash = "sha256:066bd06758d0a513e9836fd9c6b5a75bfb3fd36841f4b996bc60b547a309d41c"},
]
mypy-extensions = [
    {file = "mypy_extensions-0.4.3-py2.py3-none-any.whl", hash = "sha256:090fedd75945a69ae91ce1303b5824f428daf5a028d2f6ab8a299250a846f15d"},
    {file = "mypy_extensions-0.4.3.tar.gz", hash = "sha256:2d82818f5bb3e369420cb3c4060a7970edba416647068eb4c5343488a6c604a8"},
]
nibabel = [
    {file = "nibabel-4.0.1-py3-none-any.whl", hash = "sha256:4b148a436635c264457945df9286cfad4993688ee7af3e4a5f12d6a31427cdbc"},
    {file = "nibabel-4.0.1.tar.gz", hash = "sha256:221f373a38005a911c562396070d6782edf34ee36c560b96ae3fe6dd0ed5c462"},
]
numpy = []
openpyxl = []
packaging = [
    {file = "packaging-21.3-py3-none-any.whl", hash = "sha256:ef103e05f519cdc783ae24ea4e2e0f508a9c99b2d4969652eed6a2e1ea5bd522"},
    {file = "packaging-21.3.tar.gz", hash = "sha256:dd47c42927d89ab911e606518907cc2d3a1f38bbd026385970643f9c5b8ecfeb"},
]
pathspec = [
    {file = "pathspec-0.9.0-py2.py3-none-any.whl", hash = "sha256:7d15c4ddb0b5c802d161efc417ec1a2558ea2653c2e8ad9c19098201dc1c993a"},
    {file = "pathspec-0.9.0.tar.gz", hash = "sha256:e564499435a2673d586f6b2130bb5b95f04a3ba06f81b8f895b651a3c76aabb1"},
]
platformdirs = [
    {file = "platformdirs-2.5.2-py3-none-any.whl", hash = "sha256:027d8e83a2d7de06bbac4e5ef7e023c02b863d7ea5d079477e722bb41ab25788"},
    {file = "platformdirs-2.5.2.tar.gz", hash = "sha256:58c8abb07dcb441e6ee4b11d8df0ac856038f944ab98b7be6b27b2a3c7feef19"},
]
pydicom = [
    {file = "pydicom-2.3.0-py3-none-any.whl", hash = "sha256:8ff31e077cc51d19ac3b8ca988ac486099cdebfaf885989079fdc7c75068cdd8"},
    {file = "pydicom-2.3.0.tar.gz", hash = "sha256:dbfa081c9ad9ac8ff8a8efbd71784104db9eecf02fd775f7d7773f2183f89386"},
]
pyparsing = [
    {file = "pyparsing-3.0.9-py3-none-any.whl", hash = "sha256:5026bae9a10eeaefb61dab2f09052b9f4307d44aee4eda64b309723d8d206bbc"},
    {file = "pyparsing-3.0.9.tar.gz", hash = "sha256:2b020ecf7d21b687f219b71ecad3631f644a47f01403fa1d1036b0c6416d70fb"},
]
python-gdcm = [
    {file = "python-gdcm-3.0.14.tar.gz", hash = "sha256:a4a511bf03cd47beb50edd24cf609e6e829d3f6580e2e435add50a98f65fc91e"},
    {file = "python_gdcm-3.0.14-cp310-cp310-macosx_10_9_x86_64.whl", hash = "sha256:0391c61c24616ca21f2bf07cd4205241b41b4cc624ba23207d39fc2bc69663fb"},
    {file = "python_gdcm-3.0.14-cp310-cp310-macosx_11_0_arm64.whl", hash = "sha256:9cf79b940ab2a389aeacc7ce392e82f99d797a3078f6fde7e7d04a402c8ce0af"},
    {file = "python_gdcm-3.0.14-cp310-cp310-manylinux_2_17_i686.manylinux2014_i686.whl", hash = "sha256:35972cde181d2ae5eeed1ed89b9eabcb176c7b43bfe82843de6dce41d8790f23"},
    {file = "python_gdcm-3.0.14-cp310-cp310-manylinux_2_17_x86_64.manylinux2014_x86_64.whl", hash = "sha256:a8efe9f3d35061177ec1c90b0f200bc2d0e697ca83a257974eb6c484ce3ee6e7"},
    {file = "python_gdcm-3.0.14-cp310-cp310-win32.whl", hash = "sha256:c205cadb9b372d3017fc60f957d116aaa8d9c0d2ebc53a94f3eac0d6eb032c68"},
    {file = "python_gdcm-3.0.14-cp310-cp310-win_amd64.whl", hash = "sha256:5dbc57048ae111be443f88379620deab3d26d8e2b8bb5de6ee61f8fdeeb5f287"},
    {file = "python_gdcm-3.0.14-cp36-cp36m-macosx_10_9_x86_64.whl", hash = "sha256:974e7ee33ada8d838853f4e593b0b3043b5497f6f2c547ff13023b42995a58b7"},
    {file = "python_gdcm-3.0.14-cp36-cp36m-manylinux_2_17_i686.manylinux2014_i686.whl", hash = "sha256:2a237178b09e393c36200d53dd35743400b98e2551d332163a0856a2a739589a"},
    {file = "python_gdcm-3.0.14-cp36-cp36m-manylinux_2_17_x86_64.manylinux2014_x86_64.whl", hash = "sha256:e7dc962b9e34d7b8c8415eec56e09538c000d00876de4048f10cf6a9a167d157"},
    {file = "python_gdcm-3.0.14-cp36-cp36m-win32.whl", hash = "sha256:363d8061090026881a2798c54f8b7ed2ad9e3e8516fbefe21886d621fa0353d9"},
    {file = "python_gdcm-3.0.14-cp36-cp36m-win_amd64.whl", hash = "sha256:b1f9cedb73767d500a3639e70197080c582d9d21545249ca6d62bfc7620171d2"},
    {file = "python_gdcm-3.0.14-cp37-cp37m-macosx_10_9_x86_64.whl", hash = "sha256:42250f47b9b484a4bf2a045f2f8b54dd09ab38905df066e54b52efbcb7bbff29"},
    {file = "python_gdcm-3.0.14-cp37-cp37m-manylinux_2_17_i686.manylinux2014_i686.whl", hash = "sha256:c5f4bdbe7fe27c6b004d4d3722162e7c224e1fdf3108d29057ed008da3e1546b"},
    {file = "python_gdcm-3.0.14-cp37-cp37m-manylinux_2_17_x86_64.manylinux2014_x86_64.whl", hash = "sha256:17dbe9a7e275a90191d67b222fec91bc7a93332154edb617a374cf0ee02c6310"},
    {file = "python_gdcm-3.0.14-cp37-cp37m-win32.whl", hash = "sha256:bd661de45a0532b472d4c49587b3bf9eac7c69fbe12892137d4f2cec1dda5c27"},
    {file = "python_gdcm-3.0.14-cp37-cp37m-win_amd64.whl", hash = "sha256:011b936d61a4c8f2f49db472276ff4a363f02b60756c6a04c477f12c003b4102"},
    {file = "python_gdcm-3.0.14-cp38-cp38-macosx_10_9_x86_64.whl", hash = "sha256:b0d7a8ae83681b8a4711c9954361df43d6f5ad46c6ccfd1ab590394e85ca6711"},
    {file = "python_gdcm-3.0.14-cp38-cp38-macosx_11_0_arm64.whl", hash = "sha256:1d2dd275e52ebd25253bf85665a168537bc602015315267e95670ef79bcc4416"},
    {file = "python_gdcm-3.0.14-cp38-cp38-manylinux_2_17_i686.manylinux2014_i686.whl", hash = "sha256:c3fa830db354c40c29bf20ddb50f9fb3ab60bf2c5e4f93da57747c2e2bc69cf8"},
    {file = "python_gdcm-3.0.14-cp38-cp38-manylinux_2_17_x86_64.manylinux2014_x86_64.whl", hash = "sha256:8b94eb12622b54ade6570755a8fca992752fb7cf7c79adc9164b9a964c0adc93"},
    {file = "python_gdcm-3.0.14-cp38-cp38-win32.whl", hash = "sha256:f75afa9d2e76254a3c50748af59962c8141db4c07e8b208890369ff6b8582010"},
    {file = "python_gdcm-3.0.14-cp38-cp38-win_amd64.whl", hash = "sha256:60235f557d1240ef5e5c1fda088334b7e1e65358ff9b8084f9d882b058cd870d"},
    {file = "python_gdcm-3.0.14-cp39-cp39-macosx_10_9_x86_64.whl", hash = "sha256:e44d16886d67ddfe2f2c42c24b145b57dac1fb197e1911c240428e9d9f9678c6"},
    {file = "python_gdcm-3.0.14-cp39-cp39-macosx_11_0_arm64.whl", hash = "sha256:d1b6aa1c322a84b15511cb57af1131c9cda1d133253808d510ce7b4956062010"},
    {file = "python_gdcm-3.0.14-cp39-cp39-manylinux_2_17_i686.manylinux2014_i686.whl", hash = "sha256:7f365939ba42e0f5aeb1903ee8b76ccaaeb498aa5d3c0454d08edaab603dd2a7"},
    {file = "python_gdcm-3.0.14-cp39-cp39-manylinux_2_17_x86_64.manylinux2014_x86_64.whl", hash = "sha256:51d7f6c69bc5a54f8ef99c9a3e54c140b7d8897d31edc017d33014767a0c96c8"},
    {file = "python_gdcm-3.0.14-cp39-cp39-win32.whl", hash = "sha256:559bde54a830e0545d40312d775f73eca8e2150a1a06ec2a236191c2aa0c5c38"},
    {file = "python_gdcm-3.0.14-cp39-cp39-win_amd64.whl", hash = "sha256:f9c180ec9dd06840661aa06d768f6391be84143b8535467a17aaee9a6e9d0e80"},
]
scipy = [
    {file = "scipy-1.6.1-cp37-cp37m-macosx_10_9_x86_64.whl", hash = "sha256:a15a1f3fc0abff33e792d6049161b7795909b40b97c6cc2934ed54384017ab76"},
    {file = "scipy-1.6.1-cp37-cp37m-manylinux1_i686.whl", hash = "sha256:e79570979ccdc3d165456dd62041d9556fb9733b86b4b6d818af7a0afc15f092"},
    {file = "scipy-1.6.1-cp37-cp37m-manylinux1_x86_64.whl", hash = "sha256:a423533c55fec61456dedee7b6ee7dce0bb6bfa395424ea374d25afa262be261"},
    {file = "scipy-1.6.1-cp37-cp37m-manylinux2014_aarch64.whl", hash = "sha256:33d6b7df40d197bdd3049d64e8e680227151673465e5d85723b3b8f6b15a6ced"},
    {file = "scipy-1.6.1-cp37-cp37m-win32.whl", hash = "sha256:6725e3fbb47da428794f243864f2297462e9ee448297c93ed1dcbc44335feb78"},
    {file = "scipy-1.6.1-cp37-cp37m-win_amd64.whl", hash = "sha256:5fa9c6530b1661f1370bcd332a1e62ca7881785cc0f80c0d559b636567fab63c"},
    {file = "scipy-1.6.1-cp38-cp38-macosx_10_9_x86_64.whl", hash = "sha256:bd50daf727f7c195e26f27467c85ce653d41df4358a25b32434a50d8870fc519"},
    {file = "scipy-1.6.1-cp38-cp38-manylinux1_i686.whl", hash = "sha256:f46dd15335e8a320b0fb4685f58b7471702234cba8bb3442b69a3e1dc329c345"},
    {file = "scipy-1.6.1-cp38-cp38-manylinux1_x86_64.whl", hash = "sha256:0e5b0ccf63155d90da576edd2768b66fb276446c371b73841e3503be1d63fb5d"},
    {file = "scipy-1.6.1-cp38-cp38-manylinux2014_aarch64.whl", hash = "sha256:2481efbb3740977e3c831edfd0bd9867be26387cacf24eb5e366a6a374d3d00d"},
    {file = "scipy-1.6.1-cp38-cp38-win32.whl", hash = "sha256:68cb4c424112cd4be886b4d979c5497fba190714085f46b8ae67a5e4416c32b4"},
    {file = "scipy-1.6.1-cp38-cp38-win_amd64.whl", hash = "sha256:5f331eeed0297232d2e6eea51b54e8278ed8bb10b099f69c44e2558c090d06bf"},
    {file = "scipy-1.6.1-cp39-cp39-macosx_10_9_x86_64.whl", hash = "sha256:0c8a51d33556bf70367452d4d601d1742c0e806cd0194785914daf19775f0e67"},
    {file = "scipy-1.6.1-cp39-cp39-manylinux1_i686.whl", hash = "sha256:83bf7c16245c15bc58ee76c5418e46ea1811edcc2e2b03041b804e46084ab627"},
    {file = "scipy-1.6.1-cp39-cp39-manylinux1_x86_64.whl", hash = "sha256:794e768cc5f779736593046c9714e0f3a5940bc6dcc1dba885ad64cbfb28e9f0"},
    {file = "scipy-1.6.1-cp39-cp39-manylinux2014_aarch64.whl", hash = "sha256:5da5471aed911fe7e52b86bf9ea32fb55ae93e2f0fac66c32e58897cfb02fa07"},
    {file = "scipy-1.6.1-cp39-cp39-win32.whl", hash = "sha256:8e403a337749ed40af60e537cc4d4c03febddcc56cd26e774c9b1b600a70d3e4"},
    {file = "scipy-1.6.1-cp39-cp39-win_amd64.whl", hash = "sha256:a5193a098ae9f29af283dcf0041f762601faf2e595c0db1da929875b7570353f"},
    {file = "scipy-1.6.1.tar.gz", hash = "sha256:c4fceb864890b6168e79b0e714c585dbe2fd4222768ee90bc1aa0f8218691b11"},
]
simpleitk = [
    {file = "SimpleITK-2.0.2-cp35-cp35m-macosx_10_9_x86_64.whl", hash = "sha256:fa87ed3d73732a4668d8e216aac6e6d547ec92b566681a5d34ca5b7d86c569dc"},
    {file = "SimpleITK-2.0.2-cp35-cp35m-manylinux1_x86_64.whl", hash = "sha256:8d795689bc613907196b1dc322e3b6247ec19c8e94cc12704a267d017551cb61"},
    {file = "SimpleITK-2.0.2-cp35-cp35m-manylinux2010_x86_64.whl", hash = "sha256:46772fa3e6e167de0821b85e122debf90833d84daa23c5c66053cf28437f4573"},
    {file = "SimpleITK-2.0.2-cp35-cp35m-win_amd64.whl", hash = "sha256:e0be3a611b447fb923ebfaacc3ca1ce42d09aa31882086efdb792329e9ab123b"},
    {file = "SimpleITK-2.0.2-cp36-cp36m-macosx_10_9_x86_64.whl", hash = "sha256:21bb06e640a8540d53b3ee00a8fcdcdf6e1a48aa4cf28172cc08bc153f012b76"},
    {file = "SimpleITK-2.0.2-cp36-cp36m-manylinux1_x86_64.whl", hash = "sha256:dc077928ab993170da5eed27f4737c9325a9fe705ff871945d0a6d6f15e24fab"},
    {file = "SimpleITK-2.0.2-cp36-cp36m-manylinux2010_x86_64.whl", hash = "sha256:13628c2b22679a8b36d209ebc1d0ace53fe4ab6c4e8654eff0bc96ee40f702c8"},
    {file = "SimpleITK-2.0.2-cp36-cp36m-win_amd64.whl", hash = "sha256:09911709ae2d3e29115dce3e78fa437dd78836812306be0a252c2da120928435"},
    {file = "SimpleITK-2.0.2-cp37-cp37m-macosx_10_9_x86_64.whl", hash = "sha256:cb969855ea1cd14839b10755a9b3cc1528cc912d4d5cc151c04f46fbcbd416c2"},
    {file = "SimpleITK-2.0.2-cp37-cp37m-manylinux1_x86_64.whl", hash = "sha256:6522c9e6a24301d0886f5e452724f165e0bd521548a9795b5bdc62031e950d1d"},
    {file = "SimpleITK-2.0.2-cp37-cp37m-manylinux2010_x86_64.whl", hash = "sha256:ed444d72a6a5f4870077a1ddf376974ac927afe0a2b7c8a34d359b074ac21c2d"},
    {file = "SimpleITK-2.0.2-cp37-cp37m-win_amd64.whl", hash = "sha256:4728c090a2e95b169ef8edab42f068fcb8657cac1d3d98df805ca468d9c45c38"},
    {file = "SimpleITK-2.0.2-cp38-cp38-macosx_10_9_x86_64.whl", hash = "sha256:f83fdde9eb91d0b01af73e64e22d65b26dbaf1edf6e6220a2ab21123229e0863"},
    {file = "SimpleITK-2.0.2-cp38-cp38-manylinux1_x86_64.whl", hash = "sha256:73caad7fb842985abc0ccf3c2590fd4e66e2b66e846b2eb17b759ffe4cc0455c"},
    {file = "SimpleITK-2.0.2-cp38-cp38-manylinux2010_x86_64.whl", hash = "sha256:666b7b88bc53c07d012181fa5306134d2d837cc59bc99e5c6641954f81c6501a"},
    {file = "SimpleITK-2.0.2-cp38-cp38-win_amd64.whl", hash = "sha256:fac923ee2c3c09dcee9b2a80c0d2bd886765a0727eba7a3befa3a36a8e17170f"},
    {file = "SimpleITK-2.0.2-cp39-cp39-macosx_10_9_x86_64.whl", hash = "sha256:95070b5cd4293586aa788edf79593d1b9600d2c55ffe641920090f58dd69b995"},
    {file = "SimpleITK-2.0.2-cp39-cp39-manylinux1_x86_64.whl", hash = "sha256:5ab5ab167d27bb24e958f02df26b467603197b71e91b13b1635763cf64d2431f"},
    {file = "SimpleITK-2.0.2-cp39-cp39-manylinux2010_x86_64.whl", hash = "sha256:6efe188b0f375f35734b272fe06863731d9ab08f9f0ff3e4bc342f941cf4ca08"},
    {file = "SimpleITK-2.0.2-cp39-cp39-win_amd64.whl", hash = "sha256:a49b02bd405a3630be5388c0cafdcee951a8e8a81351fcca9e55b6b1b76f0ff9"},
]
tomli = [
    {file = "tomli-2.0.1-py3-none-any.whl", hash = "sha256:939de3e7a6161af0c887ef91b7d41a53e7c5a1ca976325f429cb46ea9bc30ecc"},
    {file = "tomli-2.0.1.tar.gz", hash = "sha256:de526c12914f0c550d15924c62d72abc48d6fe7364aa87328337a31007fe8a4f"},
]
win32-setctime = [
    {file = "win32_setctime-1.1.0-py3-none-any.whl", hash = "sha256:231db239e959c2fe7eb1d7dc129f11172354f98361c4fa2d6d2d7e278baa8aad"},
    {file = "win32_setctime-1.1.0.tar.gz", hash = "sha256:15cf5750465118d6929ae4de4eb46e8edae9a5634350c01ba582df868e932cb2"},
]
xlrd = []
